
Microsoft Visual Studio Solution File, Format Version 12.00
# Visual Studio Version 16
VisualStudioVersion = 16.0.29509.3
MinimumVisualStudioVersion = 10.0.40219.1
Project("{FAE04EC0-301F-11D3-BF4B-00C04F79EFBC}") = "Spice", "Spice\Spice.csproj", "{62D77497-08F1-4B91-91FD-3479B47118F4}"
EndProject
Global
	GlobalSection(SolutionConfigurationPlatforms) = preSolution
		Debug|Any CPU = Debug|Any CPU
		Release|Any CPU = Release|Any CPU
	EndGlobalSection
	GlobalSection(ProjectConfigurationPlatforms) = postSolution
		{62D77497-08F1-4B91-91FD-3479B47118F4}.Debug|Any CPU.ActiveCfg = Debug|Any CPU
		{62D77497-08F1-4B91-91FD-3479B47118F4}.Debug|Any CPU.Build.0 = Debug|Any CPU
		{62D77497-08F1-4B91-91FD-3479B47118F4}.Release|Any CPU.ActiveCfg = Release|Any CPU
		{62D77497-08F1-4B91-91FD-3479B47118F4}.Release|Any CPU.Build.0 = Release|Any CPU
	EndGlobalSection
	GlobalSection(SolutionProperties) = preSolution
		HideSolutionNode = FALSE
	EndGlobalSection
	GlobalSection(ExtensibilityGlobals) = postSolution
		SolutionGuid = {6C32DC5B-B20B-4F5D-B6C3-0F92EE54B248}
	EndGlobalSection
EndGlobal
